
Microsoft Visual Studio Solution File, Format Version 12.00
# Visual Studio Version 16
VisualStudioVersion = 16.0.29728.190
MinimumVisualStudioVersion = 10.0.40219.1
Project("{9A19103F-16F7-4668-BE54-9A1E7A4F7556}") = "A8_UI", "A8_UI\A8_UI.csproj", "{1D65D051-BBE2-4492-A9BA-73D9F47588F5}"
EndProject
Project("{FAE04EC0-301F-11D3-BF4B-00C04F79EFBC}") = "A8UI.Data", "A8UI.Data\A8UI.Data.csproj", "{54E38EC7-C17F-4B4B-A2C7-A1934599D0C6}"
EndProject
Global
	GlobalSection(SolutionConfigurationPlatforms) = preSolution
		Debug|Any CPU = Debug|Any CPU
		Release|Any CPU = Release|Any CPU
	EndGlobalSection
	GlobalSection(ProjectConfigurationPlatforms) = postSolution
		{1D65D051-BBE2-4492-A9BA-73D9F47588F5}.Debug|Any CPU.ActiveCfg = Debug|Any CPU
		{1D65D051-BBE2-4492-A9BA-73D9F47588F5}.Debug|Any CPU.Build.0 = Debug|Any CPU
		{1D65D051-BBE2-4492-A9BA-73D9F47588F5}.Release|Any CPU.ActiveCfg = Release|Any CPU
		{1D65D051-BBE2-4492-A9BA-73D9F47588F5}.Release|Any CPU.Build.0 = Release|Any CPU
		{54E38EC7-C17F-4B4B-A2C7-A1934599D0C6}.Debug|Any CPU.ActiveCfg = Debug|Any CPU
		{54E38EC7-C17F-4B4B-A2C7-A1934599D0C6}.Debug|Any CPU.Build.0 = Debug|Any CPU
		{54E38EC7-C17F-4B4B-A2C7-A1934599D0C6}.Release|Any CPU.ActiveCfg = Release|Any CPU
		{54E38EC7-C17F-4B4B-A2C7-A1934599D0C6}.Release|Any CPU.Build.0 = Release|Any CPU
	EndGlobalSection
	GlobalSection(SolutionProperties) = preSolution
		HideSolutionNode = FALSE
	EndGlobalSection
	GlobalSection(ExtensibilityGlobals) = postSolution
		SolutionGuid = {42B13727-6251-4D0B-809C-2813BBC06405}
	EndGlobalSection
EndGlobal
